# This file is automatically @generated by Cargo.
# It is not intended for manual editing.
[[package]]
name = "difference"
version = "2.0.0"
source = "registry+https://github.com/rust-lang/crates.io-index"
checksum = "524cbf6897b527295dff137cec09ecf3a05f4fddffd7dfcd1585403449e74198"

[[package]]
name = "expect-test"
version = "1.0.1"
source = "registry+https://github.com/rust-lang/crates.io-index"
checksum = "ceb96f3eaa0d4e8769c52dacfd4eb60183b817ed2f176171b3c691d5022b0f2e"
dependencies = [
 "difference",
 "once_cell",
]

[[package]]
name = "justc_lexer"
version = "0.1.0"
dependencies = [
 "expect-test",
 "unicode-xid",
]

[[package]]
name = "once_cell"
version = "1.5.2"
source = "registry+https://github.com/rust-lang/crates.io-index"
checksum = "13bd41f508810a131401606d54ac32a467c97172d74ba7662562ebba5ad07fa0"

[[package]]
name = "unicode-xid"
version = "0.2.1"
source = "registry+https://github.com/rust-lang/crates.io-index"
checksum = "f7fe0bb3479651439c9112f72b6c505038574c9fbb575ed1bf3b797fa39dd564"
